{
  "name": "n8n-chaos-monkey",
  "version": "0.1.1",
  "lockfileVersion": 3,
  "requires": true,
  "packages": {
    "": {
      "name": "n8n-chaos-monkey",
      "version": "0.1.1",
      "license": "FSL-1.1-ALv2",
      "bin": {
        "n8n-chaos": "chaos-tester.mjs"
      },
      "engines": {
        "node": ">=20"
      }
    }
  }
}
