{
  "name": "break-my-workflow",
  "version": "0.1.3",
  "lockfileVersion": 3,
  "requires": true,
  "packages": {
    "": {
      "name": "break-my-workflow",
      "version": "0.1.3",
      "license": "FSL-1.1-ALv2",
      "bin": {
        "break-workflow": "break-my-workflow.mjs"
      },
      "engines": {
        "node": ">=20"
      }
    }
  }
}
